
Microsoft Visual Studio Solution File, Format Version 12.00
# Visual Studio 15
VisualStudioVersion = 15.0.28010.2036
MinimumVisualStudioVersion = 10.0.40219.1
Project("{FAE04EC0-301F-11D3-BF4B-00C04F79EFBC}") = "LanguageFeatures", "LanguageFeatures\LanguageFeatures.csproj", "{DE3A64EF-B4C2-430E-9CC3-E58BF9833EEB}"
EndProject
Global
	GlobalSection(SolutionConfigurationPlatforms) = preSolution
		Debug|Any CPU = Debug|Any CPU
		Release|Any CPU = Release|Any CPU
	EndGlobalSection
	GlobalSection(ProjectConfigurationPlatforms) = postSolution
		{DE3A64EF-B4C2-430E-9CC3-E58BF9833EEB}.Debug|Any CPU.ActiveCfg = Debug|Any CPU
		{DE3A64EF-B4C2-430E-9CC3-E58BF9833EEB}.Debug|Any CPU.Build.0 = Debug|Any CPU
		{DE3A64EF-B4C2-430E-9CC3-E58BF9833EEB}.Release|Any CPU.ActiveCfg = Release|Any CPU
		{DE3A64EF-B4C2-430E-9CC3-E58BF9833EEB}.Release|Any CPU.Build.0 = Release|Any CPU
	EndGlobalSection
	GlobalSection(SolutionProperties) = preSolution
		HideSolutionNode = FALSE
	EndGlobalSection
	GlobalSection(ExtensibilityGlobals) = postSolution
		SolutionGuid = {87EDA1F9-BD96-4389-B18F-B6008DE53396}
	EndGlobalSection
EndGlobal
